{"version":4,"terraform_version":"1.8.2","serial":1,"lineage":"7d4c548d-b81a-e206-d4c8-9b821148d5f3","outputs":{},"resources":[{"mode":"managed","type":"aws_ecr_repository","name":"itsm_bot_frontend","provider":"provider[\"registry.opentofu.org/hashicorp/aws\"]","instances":[{"status":"tainted","schema_version":0,"attributes":{"arn":"arn:aws:ecr:us-east-2:129875285541:repository/itsm-bot/frontend","encryption_configuration":[{"encryption_type":"AES256","kms_key":""}],"force_delete":null,"id":"itsm-bot/frontend","image_scanning_configuration":[{"scan_on_push":false}],"image_tag_mutability":"MUTABLE","name":"itsm-bot/frontend","registry_id":"129875285541","repository_url":"129875285541.dkr.ecr.us-east-2.amazonaws.com/itsm-bot/frontend","tags":null,"tags_all":null,"timeouts":null},"sensitive_attributes":[],"private":"eyJlMmJmYjczMC1lY2FhLTExZTYtOGY4OC0zNDM2M2JjN2M0YzAiOnsiZGVsZXRlIjoxMjAwMDAwMDAwMDAwfX0="}]}],"check_results":null}
